
Microsoft Visual Studio Solution File, Format Version 12.00
# Visual Studio Version 17
VisualStudioVersion = 17.3.32825.248
MinimumVisualStudioVersion = 10.0.40219.1
Project("{FAE04EC0-301F-11D3-BF4B-00C04F79EFBC}") = "KatzTheCreator", "KatzTheCreator\KatzTheCreator.csproj", "{A242C781-FF0B-4489-A141-CC7C7E74D219}"
EndProject
Global
	GlobalSection(SolutionConfigurationPlatforms) = preSolution
		Debug|Any CPU = Debug|Any CPU
		Release|Any CPU = Release|Any CPU
	EndGlobalSection
	GlobalSection(ProjectConfigurationPlatforms) = postSolution
		{A242C781-FF0B-4489-A141-CC7C7E74D219}.Debug|Any CPU.ActiveCfg = Debug|Any CPU
		{A242C781-FF0B-4489-A141-CC7C7E74D219}.Debug|Any CPU.Build.0 = Debug|Any CPU
		{A242C781-FF0B-4489-A141-CC7C7E74D219}.Release|Any CPU.ActiveCfg = Release|Any CPU
		{A242C781-FF0B-4489-A141-CC7C7E74D219}.Release|Any CPU.Build.0 = Release|Any CPU
	EndGlobalSection
	GlobalSection(SolutionProperties) = preSolution
		HideSolutionNode = FALSE
	EndGlobalSection
	GlobalSection(ExtensibilityGlobals) = postSolution
		SolutionGuid = {34C48B1B-7FAF-4B75-9582-431AE121E1FC}
	EndGlobalSection
EndGlobal
